
Microsoft Visual Studio Solution File, Format Version 12.00
# Visual Studio 15
VisualStudioVersion = 15.0.27004.2006
MinimumVisualStudioVersion = 10.0.40219.1
Project("{FAE04EC0-301F-11D3-BF4B-00C04F79EFBC}") = "lab12", "lab12\lab12.csproj", "{06A5CCB7-6253-4DB6-BB7B-687CC4564B82}"
EndProject
Global
	GlobalSection(SolutionConfigurationPlatforms) = preSolution
		Debug|Any CPU = Debug|Any CPU
		Release|Any CPU = Release|Any CPU
	EndGlobalSection
	GlobalSection(ProjectConfigurationPlatforms) = postSolution
		{06A5CCB7-6253-4DB6-BB7B-687CC4564B82}.Debug|Any CPU.ActiveCfg = Debug|Any CPU
		{06A5CCB7-6253-4DB6-BB7B-687CC4564B82}.Debug|Any CPU.Build.0 = Debug|Any CPU
		{06A5CCB7-6253-4DB6-BB7B-687CC4564B82}.Release|Any CPU.ActiveCfg = Release|Any CPU
		{06A5CCB7-6253-4DB6-BB7B-687CC4564B82}.Release|Any CPU.Build.0 = Release|Any CPU
	EndGlobalSection
	GlobalSection(SolutionProperties) = preSolution
		HideSolutionNode = FALSE
	EndGlobalSection
	GlobalSection(ExtensibilityGlobals) = postSolution
		SolutionGuid = {242F0AE1-1A05-42D5-A897-BEEFF21B43F6}
	EndGlobalSection
EndGlobal
