
Microsoft Visual Studio Solution File, Format Version 12.00
# Visual Studio 15
VisualStudioVersion = 15.0.27004.2006
MinimumVisualStudioVersion = 10.0.40219.1
Project("{FAE04EC0-301F-11D3-BF4B-00C04F79EFBC}") = "lab3", "lab3\lab3.csproj", "{A3DAE49E-EC87-46DC-A883-230CE4348D10}"
EndProject
Global
	GlobalSection(SolutionConfigurationPlatforms) = preSolution
		Debug|Any CPU = Debug|Any CPU
		Release|Any CPU = Release|Any CPU
	EndGlobalSection
	GlobalSection(ProjectConfigurationPlatforms) = postSolution
		{A3DAE49E-EC87-46DC-A883-230CE4348D10}.Debug|Any CPU.ActiveCfg = Debug|Any CPU
		{A3DAE49E-EC87-46DC-A883-230CE4348D10}.Debug|Any CPU.Build.0 = Debug|Any CPU
		{A3DAE49E-EC87-46DC-A883-230CE4348D10}.Release|Any CPU.ActiveCfg = Release|Any CPU
		{A3DAE49E-EC87-46DC-A883-230CE4348D10}.Release|Any CPU.Build.0 = Release|Any CPU
	EndGlobalSection
	GlobalSection(SolutionProperties) = preSolution
		HideSolutionNode = FALSE
	EndGlobalSection
	GlobalSection(ExtensibilityGlobals) = postSolution
		SolutionGuid = {D96DBF21-C67D-406C-8C3D-9B47F0E92E1D}
	EndGlobalSection
EndGlobal
